
Microsoft Visual Studio Solution File, Format Version 12.00
# Visual Studio Version 16
VisualStudioVersion = 16.0.29709.97
MinimumVisualStudioVersion = 10.0.40219.1
Project("{9A19103F-16F7-4668-BE54-9A1E7A4F7556}") = "ReportSite", "ReportSite.csproj", "{97A2927B-2155-4F78-A46A-A1982FB971E9}"
EndProject
Global
	GlobalSection(SolutionConfigurationPlatforms) = preSolution
		Debug|Any CPU = Debug|Any CPU
		Release|Any CPU = Release|Any CPU
	EndGlobalSection
	GlobalSection(ProjectConfigurationPlatforms) = postSolution
		{97A2927B-2155-4F78-A46A-A1982FB971E9}.Debug|Any CPU.ActiveCfg = Debug|Any CPU
		{97A2927B-2155-4F78-A46A-A1982FB971E9}.Debug|Any CPU.Build.0 = Debug|Any CPU
		{97A2927B-2155-4F78-A46A-A1982FB971E9}.Release|Any CPU.ActiveCfg = Release|Any CPU
		{97A2927B-2155-4F78-A46A-A1982FB971E9}.Release|Any CPU.Build.0 = Release|Any CPU
	EndGlobalSection
	GlobalSection(SolutionProperties) = preSolution
		HideSolutionNode = FALSE
	EndGlobalSection
	GlobalSection(ExtensibilityGlobals) = postSolution
		SolutionGuid = {02E08196-6569-428A-93CA-81C680E7A831}
	EndGlobalSection
EndGlobal
